
Microsoft Visual Studio Solution File, Format Version 12.00
# Visual Studio Version 17
VisualStudioVersion = 17.5.33530.505
MinimumVisualStudioVersion = 10.0.40219.1
Project("{2150E333-8FDC-42A3-9474-1A3956D46DE8}") = "ITMO.Course.WinCS.WF.Lab1", "ITMO.Course.WinCS.WF.Lab1", "{EA1C841E-FDC3-43D9-A32D-D8C4304BBAEB}"
EndProject
Project("{2150E333-8FDC-42A3-9474-1A3956D46DE8}") = "ITMO.Course.WinCS.WF.Lab2", "ITMO.Course.WinCS.WF.Lab2", "{196FA4E6-C876-4B98-AFC3-3CE0D3056AD9}"
EndProject
Project("{2150E333-8FDC-42A3-9474-1A3956D46DE8}") = "ITMO.Course.WinCS.WF.Lab3", "ITMO.Course.WinCS.WF.Lab3", "{8B838371-2CD5-4673-92CB-2A15B86AEA4D}"
EndProject
Project("{FAE04EC0-301F-11D3-BF4B-00C04F79EFBC}") = "ITMO.Course.WinCS.WF.Lab1.01", "ITMO.Course.WinCS.WF.Lab1\ITMO.Course.WinCS.WF.Lab1.01\ITMO.Course.WinCS.WF.Lab1.01.csproj", "{AFEE3B8A-2C4C-41DE-9FB5-A8F7AB7C4D0B}"
EndProject
Project("{FAE04EC0-301F-11D3-BF4B-00C04F79EFBC}") = "ITMO.Course.WinCS.WF.Lab1.02", "ITMO.Course.WinCS.WF.Lab1\ITMO.Course.WinCS.WF.Lab1.02\ITMO.Course.WinCS.WF.Lab1.02.csproj", "{45F56C9E-40E8-43A3-87BD-CAD8AB6D6B2A}"
EndProject
Project("{FAE04EC0-301F-11D3-BF4B-00C04F79EFBC}") = "ITMO.Course.WinCS.WF.Lab1.03", "ITMO.Course.WinCS.WF.Lab1\ITMO.Course.WinCS.WF.Lab1.03\ITMO.Course.WinCS.WF.Lab1.03.csproj", "{330125B1-95FF-46A8-B3A8-108F2A07297F}"
EndProject
Project("{FAE04EC0-301F-11D3-BF4B-00C04F79EFBC}") = "ITMO.Course.WinCS.WF.Lab1.04.MdiApplication", "ITMO.Course.WinCS.WF.Lab1\ITMO.Course.WinCS.WF.Lab1.04\ITMO.Course.WinCS.WF.Lab1.04.MdiApplication.csproj", "{0642F677-D359-4998-A708-6178E08B3D70}"
EndProject
Project("{FAE04EC0-301F-11D3-BF4B-00C04F79EFBC}") = "ITMO.Course.WinCS.WF.Lab1.05.01", "ITMO.Course.WinCS.WF.Lab1\ITMO.Course.WinCS.WF.Lab1.05.01\ITMO.Course.WinCS.WF.Lab1.05.01.csproj", "{266C79AA-DFF7-4879-ADBD-71D6A3C7C6A2}"
EndProject
Project("{FAE04EC0-301F-11D3-BF4B-00C04F79EFBC}") = "ITMO.Course.WinCS.WF.Lab1.05.02", "ITMO.Course.WinCS.WF.Lab1\ITMO.Course.WinCS.WF.Lab1.05.02\ITMO.Course.WinCS.WF.Lab1.05.02.csproj", "{1A15E381-88E8-4819-8EFC-2F209D290DA8}"
EndProject
Project("{FAE04EC0-301F-11D3-BF4B-00C04F79EFBC}") = "ITMO.Course.WinCS.WF.Lab2.01.WinQuestion", "ITMO.Course.WinCS.WF.Lab2\ITMO.Course.WinCS.WF.Lab2.01.WinQuestion\ITMO.Course.WinCS.WF.Lab2.01.WinQuestion.csproj", "{02927DA0-9791-4042-B944-585F7EAB2B58}"
EndProject
Project("{FAE04EC0-301F-11D3-BF4B-00C04F79EFBC}") = "ITMO.Course.WinCS.WF.Lab2.02", "ITMO.Course.WinCS.WF.Lab2\ITMO.Course.WinCS.WF.Lab2.02\ITMO.Course.WinCS.WF.Lab2.02.csproj", "{E4FF4BBB-8DEF-4928-A7BE-BAB6E12B9512}"
EndProject
Project("{FAE04EC0-301F-11D3-BF4B-00C04F79EFBC}") = "ITMO.Course.WinCS.WF.Lab2.03.MdiApplication", "ITMO.Course.WinCS.WF.Lab2\ITMO.Course.WinCS.WF.Lab2.03.MdiApplication\ITMO.Course.WinCS.WF.Lab2.03.MdiApplication.csproj", "{9516BA33-8976-4A6C-AF98-62AC19D97038}"
EndProject
Project("{FAE04EC0-301F-11D3-BF4B-00C04F79EFBC}") = "ITMO.Course.WinCS.WF.Lab2.04.MdiApplication", "ITMO.Course.WinCS.WF.Lab2\ITMO.Course.WinCS.WF.Lab2.04.MdiApplication\ITMO.Course.WinCS.WF.Lab2.04.MdiApplication.csproj", "{3C68087C-1D51-4633-A222-4D89382E36EC}"
EndProject
Project("{FAE04EC0-301F-11D3-BF4B-00C04F79EFBC}") = "ITMO.Course.WinCS.WF.Lab2.05.WinContainer", "ITMO.Course.WinCS.WF.Lab2\ITMO.Course.WinCS.WF.Lab2.05.WinContainer\ITMO.Course.WinCS.WF.Lab2.05.WinContainer.csproj", "{AC6500AB-A319-4671-A8E2-6C60730D80C1}"
EndProject
Project("{FAE04EC0-301F-11D3-BF4B-00C04F79EFBC}") = "ITMO.Course.WinCS.WF.Lab2.06.BiblForm", "ITMO.Course.WinCS.WF.Lab2\ITMO.Course.WinCS.WF.Lab2.06.BiblForm\ITMO.Course.WinCS.WF.Lab2.06.BiblForm.csproj", "{A65A1F2C-C39A-4F77-9EEB-495CE2FBF833}"
EndProject
Project("{FAE04EC0-301F-11D3-BF4B-00C04F79EFBC}") = "ITMO.Course.WinCS.WF.Lab2.07.08.RegistrationForm", "ITMO.Course.WinCS.WF.Lab2\ITMO.Course.WinCS.WF.Lab2.07.08.RegistrationForm\ITMO.Course.WinCS.WF.Lab2.07.08.RegistrationForm.csproj", "{715137B2-71E2-4D59-88D1-D89D0F0CFC24}"
EndProject
Project("{FAE04EC0-301F-11D3-BF4B-00C04F79EFBC}") = "ITMO.Course.WinCS.WF.Lab3.01.WinTimer1", "ITMO.Course.WinCS.WF.Lab3\ITMO.Course.WinCS.WF.Lab3.01.WinTimer1\ITMO.Course.WinCS.WF.Lab3.01.WinTimer1.csproj", "{BE219401-5A0B-4053-9231-7D7A73B9AB50}"
EndProject
Project("{2150E333-8FDC-42A3-9474-1A3956D46DE8}") = "ITMO.Course.WinCS.WPF.Lab1", "ITMO.Course.WinCS.WPF.Lab1", "{4C69D491-7B8E-4172-A91D-B636BA1C7C94}"
EndProject
Project("{2150E333-8FDC-42A3-9474-1A3956D46DE8}") = "ITMO.Course.WinCS.WPF.Lab2", "ITMO.Course.WinCS.WPF.Lab2", "{49EFA76D-327D-46C5-A160-98A1EEF3F13B}"
EndProject
Project("{2150E333-8FDC-42A3-9474-1A3956D46DE8}") = "ITMO.Course.WinCS.WPF.Lab4", "ITMO.Course.WinCS.WPF.Lab4", "{1EC3C35E-782C-4801-AC71-CC5ABBC92ABC}"
EndProject
Project("{2150E333-8FDC-42A3-9474-1A3956D46DE8}") = "ITMO.Course.WinCS.WPF.Lab9", "ITMO.Course.WinCS.WPF.Lab9", "{11574A82-4F77-49DA-B436-AB59A20DFA30}"
EndProject
Project("{FAE04EC0-301F-11D3-BF4B-00C04F79EFBC}") = "ITMO.Course.WinCS.WPF.Lab1.01", "ITMO.Course.WinCS.WPF.Lab1\ITMO.Course.WinCS.WPF.Lab1.01\ITMO.Course.WinCS.WPF.Lab1.01.csproj", "{DB391DDA-E5FB-4193-B966-DBB0CBA05B1C}"
EndProject
Project("{FAE04EC0-301F-11D3-BF4B-00C04F79EFBC}") = "ITMO.Course.WinCS.WPF.Lab1.03", "ITMO.Course.WinCS.WPF.Lab1\ITMO.Course.WinCS.WPF.Lab1.03\ITMO.Course.WinCS.WPF.Lab1.03.csproj", "{D2AB8F53-D950-4323-AF4F-D297E651D51C}"
EndProject
Project("{FAE04EC0-301F-11D3-BF4B-00C04F79EFBC}") = "ITMO.Course.WinCS.WPF.Lab1.04", "ITMO.Course.WinCS.WPF.Lab1\ITMO.Course.WinCS.WPF.Lab1.04\ITMO.Course.WinCS.WPF.Lab1.04.csproj", "{44BFFDC9-2778-470C-A846-3C06F216B765}"
EndProject
Project("{FAE04EC0-301F-11D3-BF4B-00C04F79EFBC}") = "ITMO.Course.WinCS.WPF.Lab9.01", "ITMO.Course.WinCS.WPF.Lab9\ITMO.Course.WinCS.WPF.Lab9.01\ITMO.Course.WinCS.WPF.Lab9.01.csproj", "{D233782F-795B-4804-B643-09FB0BA4DDED}"
EndProject
Project("{2150E333-8FDC-42A3-9474-1A3956D46DE8}") = "ITMO.Course.WinCS.FinalTask", "ITMO.Course.WinCS.FinalTask", "{9D6F774E-B423-4216-B110-5ECBB13BD6A8}"
EndProject
Project("{FAE04EC0-301F-11D3-BF4B-00C04F79EFBC}") = "Calculator", "ITMO.Course.WinCS.FinalTask\Calculator.csproj", "{A27CBA1C-371A-4708-BB01-9848A8B50505}"
EndProject
Project("{9A19103F-16F7-4668-BE54-9A1E7A4F7556}") = "ITMO.Course.WinCS.WPF.Lab4.01", "ITMO.Course.WinCS.WPF.Lab4\ITMO.Course.WinCS.WPF.Lab4.01\ITMO.Course.WinCS.WPF.Lab4.01.csproj", "{85300D92-41F0-43F0-9225-1993EC6C42EB}"
EndProject
Project("{9A19103F-16F7-4668-BE54-9A1E7A4F7556}") = "ITMO.Course.WinCS.WPF.Lab4.02", "ITMO.Course.WinCS.WPF.Lab4\ITMO.Course.WinCS.WPF.Lab4.02\ITMO.Course.WinCS.WPF.Lab4.02.csproj", "{5D63AB86-FD12-4573-A185-486C53482071}"
EndProject
Project("{9A19103F-16F7-4668-BE54-9A1E7A4F7556}") = "ITMO.Course.WinCS.WPF.Lab4.03", "ITMO.Course.WinCS.WPF.Lab4\ITMO.Course.WinCS.WPF.Lab4.03\ITMO.Course.WinCS.WPF.Lab4.03.csproj", "{4EDF042E-BAA0-4B30-B6F9-12669EF8C173}"
EndProject
Project("{FAE04EC0-301F-11D3-BF4B-00C04F79EFBC}") = "ITMO.Course.WinCS.WF.Lab3.01.ControlLibrary", "ITMO.Course.WinCS.WF.Lab3\ITMO.Course.WinCS.WF.Lab3.01.ControlLibrary\ITMO.Course.WinCS.WF.Lab3.01.ControlLibrary.csproj", "{AAAB08C0-3DCC-4EC4-BE9A-346800C98CB4}"
EndProject
Project("{9A19103F-16F7-4668-BE54-9A1E7A4F7556}") = "ITMO.Course.WinCS.WPF.Lab2.01", "ITMO.Course.WinCS.WPF.Lab2\ITMO.Course.WinCS.WPF.Lab2.01\ITMO.Course.WinCS.WPF.Lab2.01.csproj", "{D9EC2D0B-C44C-4F3E-99F6-831357C415C3}"
EndProject
Project("{FAE04EC0-301F-11D3-BF4B-00C04F79EFBC}") = "ITMO.Course.WinCS.WPF.Lab2.02", "ITMO.Course.WinCS.WPF.Lab2\ITMO.Course.WinCS.WPF.Lab2.02\ITMO.Course.WinCS.WPF.Lab2.02.csproj", "{BBAA5F61-5421-4263-8239-4832DA47AFD5}"
EndProject
Global
	GlobalSection(SolutionConfigurationPlatforms) = preSolution
		Debug|Any CPU = Debug|Any CPU
		Release|Any CPU = Release|Any CPU
	EndGlobalSection
	GlobalSection(ProjectConfigurationPlatforms) = postSolution
		{AFEE3B8A-2C4C-41DE-9FB5-A8F7AB7C4D0B}.Debug|Any CPU.ActiveCfg = Debug|Any CPU
		{AFEE3B8A-2C4C-41DE-9FB5-A8F7AB7C4D0B}.Debug|Any CPU.Build.0 = Debug|Any CPU
		{AFEE3B8A-2C4C-41DE-9FB5-A8F7AB7C4D0B}.Release|Any CPU.ActiveCfg = Release|Any CPU
		{AFEE3B8A-2C4C-41DE-9FB5-A8F7AB7C4D0B}.Release|Any CPU.Build.0 = Release|Any CPU
		{45F56C9E-40E8-43A3-87BD-CAD8AB6D6B2A}.Debug|Any CPU.ActiveCfg = Debug|Any CPU
		{45F56C9E-40E8-43A3-87BD-CAD8AB6D6B2A}.Debug|Any CPU.Build.0 = Debug|Any CPU
		{45F56C9E-40E8-43A3-87BD-CAD8AB6D6B2A}.Release|Any CPU.ActiveCfg = Release|Any CPU
		{45F56C9E-40E8-43A3-87BD-CAD8AB6D6B2A}.Release|Any CPU.Build.0 = Release|Any CPU
		{330125B1-95FF-46A8-B3A8-108F2A07297F}.Debug|Any CPU.ActiveCfg = Debug|Any CPU
		{330125B1-95FF-46A8-B3A8-108F2A07297F}.Debug|Any CPU.Build.0 = Debug|Any CPU
		{330125B1-95FF-46A8-B3A8-108F2A07297F}.Release|Any CPU.ActiveCfg = Release|Any CPU
		{330125B1-95FF-46A8-B3A8-108F2A07297F}.Release|Any CPU.Build.0 = Release|Any CPU
		{0642F677-D359-4998-A708-6178E08B3D70}.Debug|Any CPU.ActiveCfg = Debug|Any CPU
		{0642F677-D359-4998-A708-6178E08B3D70}.Debug|Any CPU.Build.0 = Debug|Any CPU
		{0642F677-D359-4998-A708-6178E08B3D70}.Release|Any CPU.ActiveCfg = Release|Any CPU
		{0642F677-D359-4998-A708-6178E08B3D70}.Release|Any CPU.Build.0 = Release|Any CPU
		{266C79AA-DFF7-4879-ADBD-71D6A3C7C6A2}.Debug|Any CPU.ActiveCfg = Debug|Any CPU
		{266C79AA-DFF7-4879-ADBD-71D6A3C7C6A2}.Debug|Any CPU.Build.0 = Debug|Any CPU
		{266C79AA-DFF7-4879-ADBD-71D6A3C7C6A2}.Release|Any CPU.ActiveCfg = Release|Any CPU
		{266C79AA-DFF7-4879-ADBD-71D6A3C7C6A2}.Release|Any CPU.Build.0 = Release|Any CPU
		{1A15E381-88E8-4819-8EFC-2F209D290DA8}.Debug|Any CPU.ActiveCfg = Debug|Any CPU
		{1A15E381-88E8-4819-8EFC-2F209D290DA8}.Debug|Any CPU.Build.0 = Debug|Any CPU
		{1A15E381-88E8-4819-8EFC-2F209D290DA8}.Release|Any CPU.ActiveCfg = Release|Any CPU
		{1A15E381-88E8-4819-8EFC-2F209D290DA8}.Release|Any CPU.Build.0 = Release|Any CPU
		{02927DA0-9791-4042-B944-585F7EAB2B58}.Debug|Any CPU.ActiveCfg = Debug|Any CPU
		{02927DA0-9791-4042-B944-585F7EAB2B58}.Debug|Any CPU.Build.0 = Debug|Any CPU
		{02927DA0-9791-4042-B944-585F7EAB2B58}.Release|Any CPU.ActiveCfg = Release|Any CPU
		{02927DA0-9791-4042-B944-585F7EAB2B58}.Release|Any CPU.Build.0 = Release|Any CPU
		{E4FF4BBB-8DEF-4928-A7BE-BAB6E12B9512}.Debug|Any CPU.ActiveCfg = Debug|Any CPU
		{E4FF4BBB-8DEF-4928-A7BE-BAB6E12B9512}.Debug|Any CPU.Build.0 = Debug|Any CPU
		{E4FF4BBB-8DEF-4928-A7BE-BAB6E12B9512}.Release|Any CPU.ActiveCfg = Release|Any CPU
		{E4FF4BBB-8DEF-4928-A7BE-BAB6E12B9512}.Release|Any CPU.Build.0 = Release|Any CPU
		{9516BA33-8976-4A6C-AF98-62AC19D97038}.Debug|Any CPU.ActiveCfg = Debug|Any CPU
		{9516BA33-8976-4A6C-AF98-62AC19D97038}.Debug|Any CPU.Build.0 = Debug|Any CPU
		{9516BA33-8976-4A6C-AF98-62AC19D97038}.Release|Any CPU.ActiveCfg = Release|Any CPU
		{9516BA33-8976-4A6C-AF98-62AC19D97038}.Release|Any CPU.Build.0 = Release|Any CPU
		{3C68087C-1D51-4633-A222-4D89382E36EC}.Debug|Any CPU.ActiveCfg = Debug|Any CPU
		{3C68087C-1D51-4633-A222-4D89382E36EC}.Debug|Any CPU.Build.0 = Debug|Any CPU
		{3C68087C-1D51-4633-A222-4D89382E36EC}.Release|Any CPU.ActiveCfg = Release|Any CPU
		{3C68087C-1D51-4633-A222-4D89382E36EC}.Release|Any CPU.Build.0 = Release|Any CPU
		{AC6500AB-A319-4671-A8E2-6C60730D80C1}.Debug|Any CPU.ActiveCfg = Debug|Any CPU
		{AC6500AB-A319-4671-A8E2-6C60730D80C1}.Debug|Any CPU.Build.0 = Debug|Any CPU
		{AC6500AB-A319-4671-A8E2-6C60730D80C1}.Release|Any CPU.ActiveCfg = Release|Any CPU
		{AC6500AB-A319-4671-A8E2-6C60730D80C1}.Release|Any CPU.Build.0 = Release|Any CPU
		{A65A1F2C-C39A-4F77-9EEB-495CE2FBF833}.Debug|Any CPU.ActiveCfg = Debug|Any CPU
		{A65A1F2C-C39A-4F77-9EEB-495CE2FBF833}.Debug|Any CPU.Build.0 = Debug|Any CPU
		{A65A1F2C-C39A-4F77-9EEB-495CE2FBF833}.Release|Any CPU.ActiveCfg = Release|Any CPU
		{A65A1F2C-C39A-4F77-9EEB-495CE2FBF833}.Release|Any CPU.Build.0 = Release|Any CPU
		{715137B2-71E2-4D59-88D1-D89D0F0CFC24}.Debug|Any CPU.ActiveCfg = Debug|Any CPU
		{715137B2-71E2-4D59-88D1-D89D0F0CFC24}.Debug|Any CPU.Build.0 = Debug|Any CPU
		{715137B2-71E2-4D59-88D1-D89D0F0CFC24}.Release|Any CPU.ActiveCfg = Release|Any CPU
		{715137B2-71E2-4D59-88D1-D89D0F0CFC24}.Release|Any CPU.Build.0 = Release|Any CPU
		{BE219401-5A0B-4053-9231-7D7A73B9AB50}.Debug|Any CPU.ActiveCfg = Debug|Any CPU
		{BE219401-5A0B-4053-9231-7D7A73B9AB50}.Debug|Any CPU.Build.0 = Debug|Any CPU
		{BE219401-5A0B-4053-9231-7D7A73B9AB50}.Release|Any CPU.ActiveCfg = Release|Any CPU
		{BE219401-5A0B-4053-9231-7D7A73B9AB50}.Release|Any CPU.Build.0 = Release|Any CPU
		{DB391DDA-E5FB-4193-B966-DBB0CBA05B1C}.Debug|Any CPU.ActiveCfg = Debug|Any CPU
		{DB391DDA-E5FB-4193-B966-DBB0CBA05B1C}.Debug|Any CPU.Build.0 = Debug|Any CPU
		{DB391DDA-E5FB-4193-B966-DBB0CBA05B1C}.Release|Any CPU.ActiveCfg = Release|Any CPU
		{DB391DDA-E5FB-4193-B966-DBB0CBA05B1C}.Release|Any CPU.Build.0 = Release|Any CPU
		{D2AB8F53-D950-4323-AF4F-D297E651D51C}.Debug|Any CPU.ActiveCfg = Debug|Any CPU
		{D2AB8F53-D950-4323-AF4F-D297E651D51C}.Debug|Any CPU.Build.0 = Debug|Any CPU
		{D2AB8F53-D950-4323-AF4F-D297E651D51C}.Release|Any CPU.ActiveCfg = Release|Any CPU
		{D2AB8F53-D950-4323-AF4F-D297E651D51C}.Release|Any CPU.Build.0 = Release|Any CPU
		{44BFFDC9-2778-470C-A846-3C06F216B765}.Debug|Any CPU.ActiveCfg = Debug|Any CPU
		{44BFFDC9-2778-470C-A846-3C06F216B765}.Debug|Any CPU.Build.0 = Debug|Any CPU
		{44BFFDC9-2778-470C-A846-3C06F216B765}.Release|Any CPU.ActiveCfg = Release|Any CPU
		{44BFFDC9-2778-470C-A846-3C06F216B765}.Release|Any CPU.Build.0 = Release|Any CPU
		{D233782F-795B-4804-B643-09FB0BA4DDED}.Debug|Any CPU.ActiveCfg = Debug|Any CPU
		{D233782F-795B-4804-B643-09FB0BA4DDED}.Debug|Any CPU.Build.0 = Debug|Any CPU
		{D233782F-795B-4804-B643-09FB0BA4DDED}.Release|Any CPU.ActiveCfg = Release|Any CPU
		{D233782F-795B-4804-B643-09FB0BA4DDED}.Release|Any CPU.Build.0 = Release|Any CPU
		{A27CBA1C-371A-4708-BB01-9848A8B50505}.Debug|Any CPU.ActiveCfg = Debug|Any CPU
		{A27CBA1C-371A-4708-BB01-9848A8B50505}.Debug|Any CPU.Build.0 = Debug|Any CPU
		{A27CBA1C-371A-4708-BB01-9848A8B50505}.Release|Any CPU.ActiveCfg = Release|Any CPU
		{A27CBA1C-371A-4708-BB01-9848A8B50505}.Release|Any CPU.Build.0 = Release|Any CPU
		{85300D92-41F0-43F0-9225-1993EC6C42EB}.Debug|Any CPU.ActiveCfg = Debug|Any CPU
		{85300D92-41F0-43F0-9225-1993EC6C42EB}.Debug|Any CPU.Build.0 = Debug|Any CPU
		{85300D92-41F0-43F0-9225-1993EC6C42EB}.Release|Any CPU.ActiveCfg = Release|Any CPU
		{85300D92-41F0-43F0-9225-1993EC6C42EB}.Release|Any CPU.Build.0 = Release|Any CPU
		{5D63AB86-FD12-4573-A185-486C53482071}.Debug|Any CPU.ActiveCfg = Debug|Any CPU
		{5D63AB86-FD12-4573-A185-486C53482071}.Debug|Any CPU.Build.0 = Debug|Any CPU
		{5D63AB86-FD12-4573-A185-486C53482071}.Release|Any CPU.ActiveCfg = Release|Any CPU
		{5D63AB86-FD12-4573-A185-486C53482071}.Release|Any CPU.Build.0 = Release|Any CPU
		{4EDF042E-BAA0-4B30-B6F9-12669EF8C173}.Debug|Any CPU.ActiveCfg = Debug|Any CPU
		{4EDF042E-BAA0-4B30-B6F9-12669EF8C173}.Debug|Any CPU.Build.0 = Debug|Any CPU
		{4EDF042E-BAA0-4B30-B6F9-12669EF8C173}.Release|Any CPU.ActiveCfg = Release|Any CPU
		{4EDF042E-BAA0-4B30-B6F9-12669EF8C173}.Release|Any CPU.Build.0 = Release|Any CPU
		{AAAB08C0-3DCC-4EC4-BE9A-346800C98CB4}.Debug|Any CPU.ActiveCfg = Debug|Any CPU
		{AAAB08C0-3DCC-4EC4-BE9A-346800C98CB4}.Debug|Any CPU.Build.0 = Debug|Any CPU
		{AAAB08C0-3DCC-4EC4-BE9A-346800C98CB4}.Release|Any CPU.ActiveCfg = Release|Any CPU
		{AAAB08C0-3DCC-4EC4-BE9A-346800C98CB4}.Release|Any CPU.Build.0 = Release|Any CPU
		{D9EC2D0B-C44C-4F3E-99F6-831357C415C3}.Debug|Any CPU.ActiveCfg = Debug|Any CPU
		{D9EC2D0B-C44C-4F3E-99F6-831357C415C3}.Debug|Any CPU.Build.0 = Debug|Any CPU
		{D9EC2D0B-C44C-4F3E-99F6-831357C415C3}.Release|Any CPU.ActiveCfg = Release|Any CPU
		{D9EC2D0B-C44C-4F3E-99F6-831357C415C3}.Release|Any CPU.Build.0 = Release|Any CPU
		{BBAA5F61-5421-4263-8239-4832DA47AFD5}.Debug|Any CPU.ActiveCfg = Debug|Any CPU
		{BBAA5F61-5421-4263-8239-4832DA47AFD5}.Debug|Any CPU.Build.0 = Debug|Any CPU
		{BBAA5F61-5421-4263-8239-4832DA47AFD5}.Release|Any CPU.ActiveCfg = Release|Any CPU
		{BBAA5F61-5421-4263-8239-4832DA47AFD5}.Release|Any CPU.Build.0 = Release|Any CPU
	EndGlobalSection
	GlobalSection(SolutionProperties) = preSolution
		HideSolutionNode = FALSE
	EndGlobalSection
	GlobalSection(NestedProjects) = preSolution
		{AFEE3B8A-2C4C-41DE-9FB5-A8F7AB7C4D0B} = {EA1C841E-FDC3-43D9-A32D-D8C4304BBAEB}
		{45F56C9E-40E8-43A3-87BD-CAD8AB6D6B2A} = {EA1C841E-FDC3-43D9-A32D-D8C4304BBAEB}
		{330125B1-95FF-46A8-B3A8-108F2A07297F} = {EA1C841E-FDC3-43D9-A32D-D8C4304BBAEB}
		{0642F677-D359-4998-A708-6178E08B3D70} = {EA1C841E-FDC3-43D9-A32D-D8C4304BBAEB}
		{266C79AA-DFF7-4879-ADBD-71D6A3C7C6A2} = {EA1C841E-FDC3-43D9-A32D-D8C4304BBAEB}
		{1A15E381-88E8-4819-8EFC-2F209D290DA8} = {EA1C841E-FDC3-43D9-A32D-D8C4304BBAEB}
		{02927DA0-9791-4042-B944-585F7EAB2B58} = {196FA4E6-C876-4B98-AFC3-3CE0D3056AD9}
		{E4FF4BBB-8DEF-4928-A7BE-BAB6E12B9512} = {196FA4E6-C876-4B98-AFC3-3CE0D3056AD9}
		{9516BA33-8976-4A6C-AF98-62AC19D97038} = {196FA4E6-C876-4B98-AFC3-3CE0D3056AD9}
		{3C68087C-1D51-4633-A222-4D89382E36EC} = {196FA4E6-C876-4B98-AFC3-3CE0D3056AD9}
		{AC6500AB-A319-4671-A8E2-6C60730D80C1} = {196FA4E6-C876-4B98-AFC3-3CE0D3056AD9}
		{A65A1F2C-C39A-4F77-9EEB-495CE2FBF833} = {196FA4E6-C876-4B98-AFC3-3CE0D3056AD9}
		{715137B2-71E2-4D59-88D1-D89D0F0CFC24} = {196FA4E6-C876-4B98-AFC3-3CE0D3056AD9}
		{BE219401-5A0B-4053-9231-7D7A73B9AB50} = {8B838371-2CD5-4673-92CB-2A15B86AEA4D}
		{DB391DDA-E5FB-4193-B966-DBB0CBA05B1C} = {4C69D491-7B8E-4172-A91D-B636BA1C7C94}
		{D2AB8F53-D950-4323-AF4F-D297E651D51C} = {4C69D491-7B8E-4172-A91D-B636BA1C7C94}
		{44BFFDC9-2778-470C-A846-3C06F216B765} = {4C69D491-7B8E-4172-A91D-B636BA1C7C94}
		{D233782F-795B-4804-B643-09FB0BA4DDED} = {11574A82-4F77-49DA-B436-AB59A20DFA30}
		{A27CBA1C-371A-4708-BB01-9848A8B50505} = {9D6F774E-B423-4216-B110-5ECBB13BD6A8}
		{85300D92-41F0-43F0-9225-1993EC6C42EB} = {1EC3C35E-782C-4801-AC71-CC5ABBC92ABC}
		{5D63AB86-FD12-4573-A185-486C53482071} = {1EC3C35E-782C-4801-AC71-CC5ABBC92ABC}
		{4EDF042E-BAA0-4B30-B6F9-12669EF8C173} = {1EC3C35E-782C-4801-AC71-CC5ABBC92ABC}
		{AAAB08C0-3DCC-4EC4-BE9A-346800C98CB4} = {8B838371-2CD5-4673-92CB-2A15B86AEA4D}
		{D9EC2D0B-C44C-4F3E-99F6-831357C415C3} = {49EFA76D-327D-46C5-A160-98A1EEF3F13B}
		{BBAA5F61-5421-4263-8239-4832DA47AFD5} = {49EFA76D-327D-46C5-A160-98A1EEF3F13B}
	EndGlobalSection
	GlobalSection(ExtensibilityGlobals) = postSolution
		SolutionGuid = {83D0CB93-0810-42C5-B67A-FC3AF41D5105}
	EndGlobalSection
EndGlobal
